// !$*UTF8*$!
{
	archiveVersion = 1;
	classes = {
	};
	objectVersion = 46;
	objects = {

/* Begin PBXBuildFile section */
		883E12971DD76055000B3390 /* AppDelegate.swift in Sources */ = {isa = PBXBuildFile; fileRef = 883E12961DD76055000B3390 /* AppDelegate.swift */; };
		883E12991DD76055000B3390 /* ViewController.swift in Sources */ = {isa = PBXBuildFile; fileRef = 883E12981DD76055000B3390 /* ViewController.swift */; };
		883E129C1DD76055000B3390 /* Main.storyboard in Resources */ = {isa = PBXBuildFile; fileRef = 883E129A1DD76055000B3390 /* Main.storyboard */; };
		883E129E1DD76055000B3390 /* Assets.xcassets in Resources */ = {isa = PBXBuildFile; fileRef = 883E129D1DD76055000B3390 /* Assets.xcassets */; };
		883E12A11DD76055000B3390 /* LaunchScreen.storyboard in Resources */ = {isa = PBXBuildFile; fileRef = 883E129F1DD76055000B3390 /* LaunchScreen.storyboard */; };
		883E12AE1DD76617000B3390 /* 147873854787225.jpeg in Resources */ = {isa = PBXBuildFile; fileRef = 883E12A81DD76617000B3390 /* 147873854787225.jpeg */; };
		883E12B71DD76D9A000B3390 /* MapKit.framework in Frameworks */ = {isa = PBXBuildFile; fileRef = 883E12B61DD76D9A000B3390 /* MapKit.framework */; };
		886B7DFF1DDD1FD300EF8A0A /* UPRM Map .png in Resources */ = {isa = PBXBuildFile; fileRef = 886B7DF91DDD1FD300EF8A0A /* UPRM Map .png */; };
		886B7E001DDD1FD300EF8A0A /* Plus-Icon.png in Resources */ = {isa = PBXBuildFile; fileRef = 886B7DFA1DDD1FD300EF8A0A /* Plus-Icon.png */; };
		886B7E011DDD1FD300EF8A0A /* Intro-Arrow-White.png in Resources */ = {isa = PBXBuildFile; fileRef = 886B7DFB1DDD1FD300EF8A0A /* Intro-Arrow-White.png */; };
		886B7E021DDD1FD300EF8A0A /* INFO-Icon.png in Resources */ = {isa = PBXBuildFile; fileRef = 886B7DFC1DDD1FD300EF8A0A /* INFO-Icon.png */; };
		886B7E031DDD1FD300EF8A0A /* FAQ-Icon.png in Resources */ = {isa = PBXBuildFile; fileRef = 886B7DFD1DDD1FD300EF8A0A /* FAQ-Icon.png */; };
		886B7E051DDD22CE00EF8A0A /* MapIcon.png in Resources */ = {isa = PBXBuildFile; fileRef = 886B7E041DDD22CE00EF8A0A /* MapIcon.png */; };
		886B7E071DDD238E00EF8A0A /* WelcomePrepasBlack.png in Resources */ = {isa = PBXBuildFile; fileRef = 886B7E061DDD238E00EF8A0A /* WelcomePrepasBlack.png */; };
		88907E501DD8B9A700335FB0 /* Group.png in Resources */ = {isa = PBXBuildFile; fileRef = 88907E4F1DD8B9A700335FB0 /* Group.png */; };
		88907E521DD8BB3200335FB0 /* CoreLocation.framework in Frameworks */ = {isa = PBXBuildFile; fileRef = 88907E511DD8BB3200335FB0 /* CoreLocation.framework */; };
/* End PBXBuildFile section */

/* Begin PBXFileReference section */
		883E12931DD76055000B3390 /* UPRM GUIDE.app */ = {isa = PBXFileReference; explicitFileType = wrapper.application; includeInIndex = 0; path = "UPRM GUIDE.app"; sourceTree = BUILT_PRODUCTS_DIR; };
		883E12961DD76055000B3390 /* AppDelegate.swift */ = {isa = PBXFileReference; lastKnownFileType = sourcecode.swift; path = AppDelegate.swift; sourceTree = "<group>"; };
		883E12981DD76055000B3390 /* ViewController.swift */ = {isa = PBXFileReference; lastKnownFileType = sourcecode.swift; path = ViewController.swift; sourceTree = "<group>"; };
		883E129B1DD76055000B3390 /* Base */ = {isa = PBXFileReference; lastKnownFileType = file.storyboard; name = Base; path = Base.lproj/Main.storyboard; sourceTree = "<group>"; };
		883E129D1DD76055000B3390 /* Assets.xcassets */ = {isa = PBXFileReference; lastKnownFileType = folder.assetcatalog; path = Assets.xcassets; sourceTree = "<group>"; };
		883E12A01DD76055000B3390 /* Base */ = {isa = PBXFileReference; lastKnownFileType = file.storyboard; name = Base; path = Base.lproj/LaunchScreen.storyboard; sourceTree = "<group>"; };
		883E12A21DD76055000B3390 /* Info.plist */ = {isa = PBXFileReference; lastKnownFileType = text.plist.xml; path = Info.plist; sourceTree = "<group>"; };
		883E12A81DD76617000B3390 /* 147873854787225.jpeg */ = {isa = PBXFileReference; lastKnownFileType = image.jpeg; path = 147873854787225.jpeg; sourceTree = "<group>"; };
		883E12B61DD76D9A000B3390 /* MapKit.framework */ = {isa = PBXFileReference; lastKnownFileType = wrapper.framework; name = MapKit.framework; path = System/Library/Frameworks/MapKit.framework; sourceTree = SDKROOT; };
		886B7DF91DDD1FD300EF8A0A /* UPRM Map .png */ = {isa = PBXFileReference; lastKnownFileType = image.png; path = "UPRM Map .png"; sourceTree = "<group>"; };
		886B7DFA1DDD1FD300EF8A0A /* Plus-Icon.png */ = {isa = PBXFileReference; lastKnownFileType = image.png; path = "Plus-Icon.png"; sourceTree = "<group>"; };
		886B7DFB1DDD1FD300EF8A0A /* Intro-Arrow-White.png */ = {isa = PBXFileReference; lastKnownFileType = image.png; path = "Intro-Arrow-White.png"; sourceTree = "<group>"; };
		886B7DFC1DDD1FD300EF8A0A /* INFO-Icon.png */ = {isa = PBXFileReference; lastKnownFileType = image.png; path = "INFO-Icon.png"; sourceTree = "<group>"; };
		886B7DFD1DDD1FD300EF8A0A /* FAQ-Icon.png */ = {isa = PBXFileReference; lastKnownFileType = image.png; path = "FAQ-Icon.png"; sourceTree = "<group>"; };
		886B7E041DDD22CE00EF8A0A /* MapIcon.png */ = {isa = PBXFileReference; lastKnownFileType = image.png; path = MapIcon.png; sourceTree = "<group>"; };
		886B7E061DDD238E00EF8A0A /* WelcomePrepasBlack.png */ = {isa = PBXFileReference; lastKnownFileType = image.png; path = WelcomePrepasBlack.png; sourceTree = "<group>"; };
		88907E4F1DD8B9A700335FB0 /* Group.png */ = {isa = PBXFileReference; lastKnownFileType = image.png; path = Group.png; sourceTree = "<group>"; };
		88907E511DD8BB3200335FB0 /* CoreLocation.framework */ = {isa = PBXFileReference; lastKnownFileType = wrapper.framework; name = CoreLocation.framework; path = System/Library/Frameworks/CoreLocation.framework; sourceTree = SDKROOT; };
/* End PBXFileReference section */

/* Begin PBXFrameworksBuildPhase section */
		883E12901DD76055000B3390 /* Frameworks */ = {
			isa = PBXFrameworksBuildPhase;
			buildActionMask = 2147483647;
			files = (
				883E12B71DD76D9A000B3390 /* MapKit.framework in Frameworks */,
				88907E521DD8BB3200335FB0 /* CoreLocation.framework in Frameworks */,
			);
			runOnlyForDeploymentPostprocessing = 0;
		};
/* End PBXFrameworksBuildPhase section */

/* Begin PBXGroup section */
		883E128A1DD76055000B3390 = {
			isa = PBXGroup;
			children = (
				883E12951DD76055000B3390 /* UPRM GUIDE 1.0 */,
				883E12941DD76055000B3390 /* Products */,
				883E12B51DD76D9A000B3390 /* Frameworks */,
			);
			sourceTree = "<group>";
		};
		883E12941DD76055000B3390 /* Products */ = {
			isa = PBXGroup;
			children = (
				883E12931DD76055000B3390 /* UPRM GUIDE.app */,
			);
			name = Products;
			sourceTree = "<group>";
		};
		883E12951DD76055000B3390 /* UPRM GUIDE 1.0 */ = {
			isa = PBXGroup;
			children = (
				883E12961DD76055000B3390 /* AppDelegate.swift */,
				883E12981DD76055000B3390 /* ViewController.swift */,
				883E129A1DD76055000B3390 /* Main.storyboard */,
				883E129D1DD76055000B3390 /* Assets.xcassets */,
				883E129F1DD76055000B3390 /* LaunchScreen.storyboard */,
				883E12A21DD76055000B3390 /* Info.plist */,
				883E12B41DD76621000B3390 /* Images */,
			);
			path = "UPRM GUIDE 1.0";
			sourceTree = "<group>";
		};
		883E12B41DD76621000B3390 /* Images */ = {
			isa = PBXGroup;
			children = (
				883E12A81DD76617000B3390 /* 147873854787225.jpeg */,
				886B7DF91DDD1FD300EF8A0A /* UPRM Map .png */,
				886B7DFA1DDD1FD300EF8A0A /* Plus-Icon.png */,
				886B7E061DDD238E00EF8A0A /* WelcomePrepasBlack.png */,
				886B7E041DDD22CE00EF8A0A /* MapIcon.png */,
				886B7DFB1DDD1FD300EF8A0A /* Intro-Arrow-White.png */,
				886B7DFC1DDD1FD300EF8A0A /* INFO-Icon.png */,
				886B7DFD1DDD1FD300EF8A0A /* FAQ-Icon.png */,
				88907E4F1DD8B9A700335FB0 /* Group.png */,
			);
			name = Images;
			sourceTree = "<group>";
		};
		883E12B51DD76D9A000B3390 /* Frameworks */ = {
			isa = PBXGroup;
			children = (
				88907E511DD8BB3200335FB0 /* CoreLocation.framework */,
				883E12B61DD76D9A000B3390 /* MapKit.framework */,
			);
			name = Frameworks;
			sourceTree = "<group>";
		};
/* End PBXGroup section */

/* Begin PBXNativeTarget section */
		883E12921DD76055000B3390 /* UPRM GUIDE */ = {
			isa = PBXNativeTarget;
			buildConfigurationList = 883E12A51DD76055000B3390 /* Build configuration list for PBXNativeTarget "UPRM GUIDE" */;
			buildPhases = (
				883E128F1DD76055000B3390 /* Sources */,
				883E12901DD76055000B3390 /* Frameworks */,
				883E12911DD76055000B3390 /* Resources */,
			);
			buildRules = (
			);
			dependencies = (
			);
			name = "UPRM GUIDE";
			productName = "UPRM GUIDE 1.0";
			productReference = 883E12931DD76055000B3390 /* UPRM GUIDE.app */;
			productType = "com.apple.product-type.application";
		};
/* End PBXNativeTarget section */

/* Begin PBXProject section */
		883E128B1DD76055000B3390 /* Project object */ = {
			isa = PBXProject;
			attributes = {
				LastSwiftUpdateCheck = 0800;
				LastUpgradeCheck = 0800;
				ORGANIZATIONNAME = "Luis Rivera Rivera";
				TargetAttributes = {
					883E12921DD76055000B3390 = {
						CreatedOnToolsVersion = 8.0;
						DevelopmentTeam = J3CFD67V7G;
						ProvisioningStyle = Automatic;
					};
				};
			};
			buildConfigurationList = 883E128E1DD76055000B3390 /* Build configuration list for PBXProject "UPRM GUIDE" */;
			compatibilityVersion = "Xcode 3.2";
			developmentRegion = English;
			hasScannedForEncodings = 0;
			knownRegions = (
				en,
				Base,
			);
			mainGroup = 883E128A1DD76055000B3390;
			productRefGroup = 883E12941DD76055000B3390 /* Products */;
			projectDirPath = "";
			projectRoot = "";
			targets = (
				883E12921DD76055000B3390 /* UPRM GUIDE */,
			);
		};
/* End PBXProject section */

/* Begin PBXResourcesBuildPhase section */
		883E12911DD76055000B3390 /* Resources */ = {
			isa = PBXResourcesBuildPhase;
			buildActionMask = 2147483647;
			files = (
				883E12A11DD76055000B3390 /* LaunchScreen.storyboard in Resources */,
				886B7E071DDD238E00EF8A0A /* WelcomePrepasBlack.png in Resources */,
				883E129E1DD76055000B3390 /* Assets.xcassets in Resources */,
				886B7E001DDD1FD300EF8A0A /* Plus-Icon.png in Resources */,
				88907E501DD8B9A700335FB0 /* Group.png in Resources */,
				886B7E031DDD1FD300EF8A0A /* FAQ-Icon.png in Resources */,
				886B7E021DDD1FD300EF8A0A /* INFO-Icon.png in Resources */,
				886B7DFF1DDD1FD300EF8A0A /* UPRM Map .png in Resources */,
				883E12AE1DD76617000B3390 /* 147873854787225.jpeg in Resources */,
				883E129C1DD76055000B3390 /* Main.storyboard in Resources */,
				886B7E011DDD1FD300EF8A0A /* Intro-Arrow-White.png in Resources */,
				886B7E051DDD22CE00EF8A0A /* MapIcon.png in Resources */,
			);
			runOnlyForDeploymentPostprocessing = 0;
		};
/* End PBXResourcesBuildPhase section */

/* Begin PBXSourcesBuildPhase section */
		883E128F1DD76055000B3390 /* Sources */ = {
			isa = PBXSourcesBuildPhase;
			buildActionMask = 2147483647;
			files = (
				883E12991DD76055000B3390 /* ViewController.swift in Sources */,
				883E12971DD76055000B3390 /* AppDelegate.swift in Sources */,
			);
			runOnlyForDeploymentPostprocessing = 0;
		};
/* End PBXSourcesBuildPhase section */

/* Begin PBXVariantGroup section */
		883E129A1DD76055000B3390 /* Main.storyboard */ = {
			isa = PBXVariantGroup;
			children = (
				883E129B1DD76055000B3390 /* Base */,
			);
			name = Main.storyboard;
			sourceTree = "<group>";
		};
		883E129F1DD76055000B3390 /* LaunchScreen.storyboard */ = {
			isa = PBXVariantGroup;
			children = (
				883E12A01DD76055000B3390 /* Base */,
			);
			name = LaunchScreen.storyboard;
			sourceTree = "<group>";
		};
/* End PBXVariantGroup section */

/* Begin XCBuildConfiguration section */
		883E12A31DD76055000B3390 /* Debug */ = {
			isa = XCBuildConfiguration;
			buildSettings = {
				ALWAYS_SEARCH_USER_PATHS = NO;
				CLANG_ANALYZER_NONNULL = YES;
				CLANG_CXX_LANGUAGE_STANDARD = "gnu++0x";
				CLANG_CXX_LIBRARY = "libc++";
				CLANG_ENABLE_MODULES = YES;
				CLANG_ENABLE_OBJC_ARC = YES;
				CLANG_WARN_BOOL_CONVERSION = YES;
				CLANG_WARN_CONSTANT_CONVERSION = YES;
				CLANG_WARN_DIRECT_OBJC_ISA_USAGE = YES_ERROR;
				CLANG_WARN_DOCUMENTATION_COMMENTS = YES;
				CLANG_WARN_EMPTY_BODY = YES;
				CLANG_WARN_ENUM_CONVERSION = YES;
				CLANG_WARN_INFINITE_RECURSION = YES;
				CLANG_WARN_INT_CONVERSION = YES;
				CLANG_WARN_OBJC_ROOT_CLASS = YES_ERROR;
				CLANG_WARN_SUSPICIOUS_MOVES = YES;
				CLANG_WARN_UNREACHABLE_CODE = YES;
				CLANG_WARN__DUPLICATE_METHOD_MATCH = YES;
				"CODE_SIGN_IDENTITY[sdk=iphoneos*]" = "iPhone Developer";
				COPY_PHASE_STRIP = NO;
				DEBUG_INFORMATION_FORMAT = dwarf;
				ENABLE_STRICT_OBJC_MSGSEND = YES;
				ENABLE_TESTABILITY = YES;
				GCC_C_LANGUAGE_STANDARD = gnu99;
				GCC_DYNAMIC_NO_PIC = NO;
				GCC_NO_COMMON_BLOCKS = YES;
				GCC_OPTIMIZATION_LEVEL = 0;
				GCC_PREPROCESSOR_DEFINITIONS = (
					"DEBUG=1",
					"$(inherited)",
				);
				GCC_WARN_64_TO_32_BIT_CONVERSION = YES;
				GCC_WARN_ABOUT_RETURN_TYPE = YES_ERROR;
				GCC_WARN_UNDECLARED_SELECTOR = YES;
				GCC_WARN_UNINITIALIZED_AUTOS = YES_AGGRESSIVE;
				GCC_WARN_UNUSED_FUNCTION = YES;
				GCC_WARN_UNUSED_VARIABLE = YES;
				IPHONEOS_DEPLOYMENT_TARGET = 10.0;
				MTL_ENABLE_DEBUG_INFO = YES;
				ONLY_ACTIVE_ARCH = YES;
				SDKROOT = iphoneos;
				SWIFT_ACTIVE_COMPILATION_CONDITIONS = DEBUG;
				SWIFT_OPTIMIZATION_LEVEL = "-Onone";
			};
			name = Debug;
		};
		883E12A41DD76055000B3390 /* Release */ = {
			isa = XCBuildConfiguration;
			buildSettings = {
				ALWAYS_SEARCH_USER_PATHS = NO;
				CLANG_ANALYZER_NONNULL = YES;
				CLANG_CXX_LANGUAGE_STANDARD = "gnu++0x";
				CLANG_CXX_LIBRARY = "libc++";
				CLANG_ENABLE_MODULES = YES;
				CLANG_ENABLE_OBJC_ARC = YES;
				CLANG_WARN_BOOL_CONVERSION = YES;
				CLANG_WARN_CONSTANT_CONVERSION = YES;
				CLANG_WARN_DIRECT_OBJC_ISA_USAGE = YES_ERROR;
				CLANG_WARN_DOCUMENTATION_COMMENTS = YES;
				CLANG_WARN_EMPTY_BODY = YES;
				CLANG_WARN_ENUM_CONVERSION = YES;
				CLANG_WARN_INFINITE_RECURSION = YES;
				CLANG_WARN_INT_CONVERSION = YES;
				CLANG_WARN_OBJC_ROOT_CLASS = YES_ERROR;
				CLANG_WARN_SUSPICIOUS_MOVES = YES;
				CLANG_WARN_UNREACHABLE_CODE = YES;
				CLANG_WARN__DUPLICATE_METHOD_MATCH = YES;
				"CODE_SIGN_IDENTITY[sdk=iphoneos*]" = "iPhone Developer";
				COPY_PHASE_STRIP = NO;
				DEBUG_INFORMATION_FORMAT = "dwarf-with-dsym";
				ENABLE_NS_ASSERTIONS = NO;
				ENABLE_STRICT_OBJC_MSGSEND = YES;
				GCC_C_LANGUAGE_STANDARD = gnu99;
				GCC_NO_COMMON_BLOCKS = YES;
				GCC_WARN_64_TO_32_BIT_CONVERSION = YES;
				GCC_WARN_ABOUT_RETURN_TYPE = YES_ERROR;
				GCC_WARN_UNDECLARED_SELECTOR = YES;
				GCC_WARN_UNINITIALIZED_AUTOS = YES_AGGRESSIVE;
				GCC_WARN_UNUSED_FUNCTION = YES;
				GCC_WARN_UNUSED_VARIABLE = YES;
				IPHONEOS_DEPLOYMENT_TARGET = 10.0;
				MTL_ENABLE_DEBUG_INFO = NO;
				SDKROOT = iphoneos;
				SWIFT_OPTIMIZATION_LEVEL = "-Owholemodule";
				VALIDATE_PRODUCT = YES;
			};
			name = Release;
		};
		883E12A61DD76055000B3390 /* Debug */ = {
			isa = XCBuildConfiguration;
			buildSettings = {
				ASSETCATALOG_COMPILER_APPICON_NAME = AppIcon;
				DEVELOPMENT_TEAM = J3CFD67V7G;
				INFOPLIST_FILE = "UPRM GUIDE 1.0/Info.plist";
				LD_RUNPATH_SEARCH_PATHS = "$(inherited) @executable_path/Frameworks";
				PRODUCT_BUNDLE_IDENTIFIER = "com.luisrivera.UPRM-GUIDE-1-0";
				PRODUCT_NAME = "$(TARGET_NAME)";
				SWIFT_VERSION = 3.0;
			};
			name = Debug;
		};
		883E12A71DD76055000B3390 /* Release */ = {
			isa = XCBuildConfiguration;
			buildSettings = {
				ASSETCATALOG_COMPILER_APPICON_NAME = AppIcon;
				DEVELOPMENT_TEAM = J3CFD67V7G;
				INFOPLIST_FILE = "UPRM GUIDE 1.0/Info.plist";
				LD_RUNPATH_SEARCH_PATHS = "$(inherited) @executable_path/Frameworks";
				PRODUCT_BUNDLE_IDENTIFIER = "com.luisrivera.UPRM-GUIDE-1-0";
				PRODUCT_NAME = "$(TARGET_NAME)";
				SWIFT_VERSION = 3.0;
			};
			name = Release;
		};
/* End XCBuildConfiguration section */

/* Begin XCConfigurationList section */
		883E128E1DD76055000B3390 /* Build configuration list for PBXProject "UPRM GUIDE" */ = {
			isa = XCConfigurationList;
			buildConfigurations = (
				883E12A31DD76055000B3390 /* Debug */,
				883E12A41DD76055000B3390 /* Release */,
			);
			defaultConfigurationIsVisible = 0;
			defaultConfigurationName = Release;
		};
		883E12A51DD76055000B3390 /* Build configuration list for PBXNativeTarget "UPRM GUIDE" */ = {
			isa = XCConfigurationList;
			buildConfigurations = (
				883E12A61DD76055000B3390 /* Debug */,
				883E12A71DD76055000B3390 /* Release */,
			);
			defaultConfigurationIsVisible = 0;
			defaultConfigurationName = Release;
		};
/* End XCConfigurationList section */
	};
	rootObject = 883E128B1DD76055000B3390 /* Project object */;
}
